
Microsoft Visual Studio Solution File, Format Version 12.00
# Visual Studio Version 17
VisualStudioVersion = 17.11.35312.102
MinimumVisualStudioVersion = 10.0.40219.1
Project("{8BC9CEB8-8B4A-11D0-8D11-00A0C91BC942}") = "Lab5 part 7 - Graphics Core 2", "Lab5 part 7 - Graphics Core 2.vcxproj", "{544501F2-698A-4218-83D1-D7D862FB3A51}"
EndProject
Global
	GlobalSection(SolutionConfigurationPlatforms) = preSolution
		Debug|x64 = Debug|x64
		Debug|x86 = Debug|x86
		Release|x64 = Release|x64
		Release|x86 = Release|x86
	EndGlobalSection
	GlobalSection(ProjectConfigurationPlatforms) = postSolution
		{544501F2-698A-4218-83D1-D7D862FB3A51}.Debug|x64.ActiveCfg = Debug|x64
		{544501F2-698A-4218-83D1-D7D862FB3A51}.Debug|x64.Build.0 = Debug|x64
		{544501F2-698A-4218-83D1-D7D862FB3A51}.Debug|x86.ActiveCfg = Debug|Win32
		{544501F2-698A-4218-83D1-D7D862FB3A51}.Debug|x86.Build.0 = Debug|Win32
		{544501F2-698A-4218-83D1-D7D862FB3A51}.Release|x64.ActiveCfg = Release|x64
		{544501F2-698A-4218-83D1-D7D862FB3A51}.Release|x64.Build.0 = Release|x64
		{544501F2-698A-4218-83D1-D7D862FB3A51}.Release|x86.ActiveCfg = Release|Win32
		{544501F2-698A-4218-83D1-D7D862FB3A51}.Release|x86.Build.0 = Release|Win32
	EndGlobalSection
	GlobalSection(SolutionProperties) = preSolution
		HideSolutionNode = FALSE
	EndGlobalSection
	GlobalSection(ExtensibilityGlobals) = postSolution
		SolutionGuid = {84BA553D-0260-44FE-8E7C-89E0E9EF7B17}
	EndGlobalSection
EndGlobal
